
Microsoft Visual Studio Solution File, Format Version 12.00
# Visual Studio Version 17
VisualStudioVersion = 17.2.32616.157
MinimumVisualStudioVersion = 10.0.40219.1
Project("{9A19103F-16F7-4668-BE54-9A1E7A4F7556}") = "P01_StudentSystem", "04.Entity-Relations\P01_StudentSystem.csproj", "{0ED83F39-2808-480B-87DE-AC0BD8923CDF}"
EndProject
Project("{FAE04EC0-301F-11D3-BF4B-00C04F79EFBC}") = "P03_FootballBetting", "P03_FootballBetting\P03_FootballBetting.csproj", "{9FE798A0-A14A-4342-99D0-0D60FEFEC0A0}"
EndProject
Global
	GlobalSection(SolutionConfigurationPlatforms) = preSolution
		Debug|Any CPU = Debug|Any CPU
		Release|Any CPU = Release|Any CPU
	EndGlobalSection
	GlobalSection(ProjectConfigurationPlatforms) = postSolution
		{0ED83F39-2808-480B-87DE-AC0BD8923CDF}.Debug|Any CPU.ActiveCfg = Debug|Any CPU
		{0ED83F39-2808-480B-87DE-AC0BD8923CDF}.Debug|Any CPU.Build.0 = Debug|Any CPU
		{0ED83F39-2808-480B-87DE-AC0BD8923CDF}.Release|Any CPU.ActiveCfg = Release|Any CPU
		{0ED83F39-2808-480B-87DE-AC0BD8923CDF}.Release|Any CPU.Build.0 = Release|Any CPU
		{9FE798A0-A14A-4342-99D0-0D60FEFEC0A0}.Debug|Any CPU.ActiveCfg = Debug|Any CPU
		{9FE798A0-A14A-4342-99D0-0D60FEFEC0A0}.Debug|Any CPU.Build.0 = Debug|Any CPU
		{9FE798A0-A14A-4342-99D0-0D60FEFEC0A0}.Release|Any CPU.ActiveCfg = Release|Any CPU
		{9FE798A0-A14A-4342-99D0-0D60FEFEC0A0}.Release|Any CPU.Build.0 = Release|Any CPU
	EndGlobalSection
	GlobalSection(SolutionProperties) = preSolution
		HideSolutionNode = FALSE
	EndGlobalSection
	GlobalSection(ExtensibilityGlobals) = postSolution
		SolutionGuid = {7054C222-1218-4641-903C-1C3D0B8B59D5}
	EndGlobalSection
EndGlobal
