
Microsoft Visual Studio Solution File, Format Version 12.00
# Visual Studio Version 17
VisualStudioVersion = 17.2.32630.192
MinimumVisualStudioVersion = 10.0.40219.1
Project("{FAE04EC0-301F-11D3-BF4B-00C04F79EFBC}") = "P03_SalesDatabase", "P03_SalesDatabase\P03_SalesDatabase.csproj", "{189BE4B0-57C1-415D-88A3-E9E2B61B1A1C}"
EndProject
Global
	GlobalSection(SolutionConfigurationPlatforms) = preSolution
		Debug|Any CPU = Debug|Any CPU
		Release|Any CPU = Release|Any CPU
	EndGlobalSection
	GlobalSection(ProjectConfigurationPlatforms) = postSolution
		{189BE4B0-57C1-415D-88A3-E9E2B61B1A1C}.Debug|Any CPU.ActiveCfg = Debug|Any CPU
		{189BE4B0-57C1-415D-88A3-E9E2B61B1A1C}.Debug|Any CPU.Build.0 = Debug|Any CPU
		{189BE4B0-57C1-415D-88A3-E9E2B61B1A1C}.Release|Any CPU.ActiveCfg = Release|Any CPU
		{189BE4B0-57C1-415D-88A3-E9E2B61B1A1C}.Release|Any CPU.Build.0 = Release|Any CPU
	EndGlobalSection
	GlobalSection(SolutionProperties) = preSolution
		HideSolutionNode = FALSE
	EndGlobalSection
	GlobalSection(ExtensibilityGlobals) = postSolution
		SolutionGuid = {9EDAD194-8B41-4267-977B-EF7219723C25}
	EndGlobalSection
EndGlobal
